
Microsoft Visual Studio Solution File, Format Version 12.00
# Visual Studio Version 17
VisualStudioVersion = 17.14.36202.13 d17.14
MinimumVisualStudioVersion = 10.0.40219.1
Project("{FAE04EC0-301F-11D3-BF4B-00C04F79EFBC}") = "Snake", "Snake.csproj", "{6644A8E2-DE4D-4BF6-8032-D12A655CF532}"
EndProject
Global
	GlobalSection(SolutionConfigurationPlatforms) = preSolution
		Debug|Any CPU = Debug|Any CPU
		Release|Any CPU = Release|Any CPU
	EndGlobalSection
	GlobalSection(ProjectConfigurationPlatforms) = postSolution
		{6644A8E2-DE4D-4BF6-8032-D12A655CF532}.Debug|Any CPU.ActiveCfg = Debug|Any CPU
		{6644A8E2-DE4D-4BF6-8032-D12A655CF532}.Debug|Any CPU.Build.0 = Debug|Any CPU
		{6644A8E2-DE4D-4BF6-8032-D12A655CF532}.Release|Any CPU.ActiveCfg = Release|Any CPU
		{6644A8E2-DE4D-4BF6-8032-D12A655CF532}.Release|Any CPU.Build.0 = Release|Any CPU
	EndGlobalSection
	GlobalSection(SolutionProperties) = preSolution
		HideSolutionNode = FALSE
	EndGlobalSection
	GlobalSection(ExtensibilityGlobals) = postSolution
		SolutionGuid = {27DA5AEC-E27C-4420-86B2-9290B0E051B2}
	EndGlobalSection
EndGlobal
